PODS:
  - Flutter (1.0.0)
  - plugin_ffi (0.0.1):
    - Flutter

DEPENDENCIES:
  - Flutter (from `Flutter`)
  - plugin_ffi (from `.symlinks/plugins/plugin_ffi/ios`)

EXTERNAL SOURCES:
  Flutter:
    :path: Flutter
  plugin_ffi:
    :path: ".symlinks/plugins/plugin_ffi/ios"

SPEC CHECKSUMS:
  Flutter: e0871f40cf51350855a761d2e70bf5af5b9b5de7
  plugin_ffi: 8ce4ff9c754e494f9fa066bee88a914f57d93199

PODFILE CHECKSUM: 819463e6a0290f5a72f145ba7cde16e8b6ef0796

COCOAPODS: 1.11.3
